
Microsoft Visual Studio Solution File, Format Version 12.00
# Visual Studio 14
VisualStudioVersion = 14.0.25420.1
MinimumVisualStudioVersion = 10.0.40219.1
Project("{FAE04EC0-301F-11D3-BF4B-00C04F79EFBC}") = "Shoot Em-Up", "Shoot Em-Up\Shoot Em-Up.csproj", "{C775C201-7908-4E32-BF2B-C3A3AE4A17BB}"
EndProject
Global
	GlobalSection(SolutionConfigurationPlatforms) = preSolution
		Debug|x86 = Debug|x86
		Release|x86 = Release|x86
	EndGlobalSection
	GlobalSection(ProjectConfigurationPlatforms) = postSolution
		{C775C201-7908-4E32-BF2B-C3A3AE4A17BB}.Debug|x86.ActiveCfg = Debug|x86
		{C775C201-7908-4E32-BF2B-C3A3AE4A17BB}.Debug|x86.Build.0 = Debug|x86
		{C775C201-7908-4E32-BF2B-C3A3AE4A17BB}.Release|x86.ActiveCfg = Release|x86
		{C775C201-7908-4E32-BF2B-C3A3AE4A17BB}.Release|x86.Build.0 = Release|x86
	EndGlobalSection
	GlobalSection(SolutionProperties) = preSolution
		HideSolutionNode = FALSE
	EndGlobalSection
EndGlobal
